
Microsoft Visual Studio Solution File, Format Version 12.00
# Visual Studio Version 17
VisualStudioVersion = 17.7.34024.191
MinimumVisualStudioVersion = 10.0.40219.1
Project("{FAE04EC0-301F-11D3-BF4B-00C04F79EFBC}") = "SistemaProyecto", "SistemaProyecto\SistemaProyecto.csproj", "{3099D5AC-EB45-40B9-B3BA-AF0D8739908A}"
EndProject
Project("{FAE04EC0-301F-11D3-BF4B-00C04F79EFBC}") = "CapaDatos", "CapaDatos\CapaDatos.csproj", "{C28ABBEA-DAF2-43E2-A8BC-B10CDCBF197A}"
EndProject
Project("{FAE04EC0-301F-11D3-BF4B-00C04F79EFBC}") = "CapaEntidad", "CapaEntidad\CapaEntidad.csproj", "{6418FCB7-2A8E-4363-8F8D-ADD639506F47}"
EndProject
Project("{FAE04EC0-301F-11D3-BF4B-00C04F79EFBC}") = "CapaNegocio", "CapaNegocio\CapaNegocio.csproj", "{55482B3F-1F70-423B-B64E-DCD63A77D9F8}"
EndProject
Global
	GlobalSection(SolutionConfigurationPlatforms) = preSolution
		Debug|Any CPU = Debug|Any CPU
		Release|Any CPU = Release|Any CPU
	EndGlobalSection
	GlobalSection(ProjectConfigurationPlatforms) = postSolution
		{3099D5AC-EB45-40B9-B3BA-AF0D8739908A}.Debug|Any CPU.ActiveCfg = Debug|Any CPU
		{3099D5AC-EB45-40B9-B3BA-AF0D8739908A}.Debug|Any CPU.Build.0 = Debug|Any CPU
		{3099D5AC-EB45-40B9-B3BA-AF0D8739908A}.Release|Any CPU.ActiveCfg = Release|Any CPU
		{3099D5AC-EB45-40B9-B3BA-AF0D8739908A}.Release|Any CPU.Build.0 = Release|Any CPU
		{C28ABBEA-DAF2-43E2-A8BC-B10CDCBF197A}.Debug|Any CPU.ActiveCfg = Debug|Any CPU
		{C28ABBEA-DAF2-43E2-A8BC-B10CDCBF197A}.Debug|Any CPU.Build.0 = Debug|Any CPU
		{C28ABBEA-DAF2-43E2-A8BC-B10CDCBF197A}.Release|Any CPU.ActiveCfg = Release|Any CPU
		{C28ABBEA-DAF2-43E2-A8BC-B10CDCBF197A}.Release|Any CPU.Build.0 = Release|Any CPU
		{6418FCB7-2A8E-4363-8F8D-ADD639506F47}.Debug|Any CPU.ActiveCfg = Debug|Any CPU
		{6418FCB7-2A8E-4363-8F8D-ADD639506F47}.Debug|Any CPU.Build.0 = Debug|Any CPU
		{6418FCB7-2A8E-4363-8F8D-ADD639506F47}.Release|Any CPU.ActiveCfg = Release|Any CPU
		{6418FCB7-2A8E-4363-8F8D-ADD639506F47}.Release|Any CPU.Build.0 = Release|Any CPU
		{55482B3F-1F70-423B-B64E-DCD63A77D9F8}.Debug|Any CPU.ActiveCfg = Debug|Any CPU
		{55482B3F-1F70-423B-B64E-DCD63A77D9F8}.Debug|Any CPU.Build.0 = Debug|Any CPU
		{55482B3F-1F70-423B-B64E-DCD63A77D9F8}.Release|Any CPU.ActiveCfg = Release|Any CPU
		{55482B3F-1F70-423B-B64E-DCD63A77D9F8}.Release|Any CPU.Build.0 = Release|Any CPU
	EndGlobalSection
	GlobalSection(SolutionProperties) = preSolution
		HideSolutionNode = FALSE
	EndGlobalSection
	GlobalSection(ExtensibilityGlobals) = postSolution
		SolutionGuid = {ECB73F7C-406E-4349-9072-38B853A0C25C}
	EndGlobalSection
EndGlobal
